// !$*UTF8*$!
{
	archiveVersion = 1;
	classes = {
	};
	objectVersion = 55;
	objects = {

/* Begin PBXBuildFile section */
		0915AC5B273FB06B00D24554 /* fridacpp.cpp in Sources */ = {isa = PBXBuildFile; fileRef = 0915AC5A273FB06B00D24554 /* fridacpp.cpp */; };
		0915AC5D273FB1FB00D24554 /* libfrida-gum.a in Frameworks */ = {isa = PBXBuildFile; fileRef = 09FB9DA7273F827C00D65871 /* libfrida-gum.a */; };
		0915AC5E273FB20900D24554 /* libfrida-gum.a in Frameworks */ = {isa = PBXBuildFile; fileRef = 09FB9DA7273F827C00D65871 /* libfrida-gum.a */; };
		0915AC61273FBB5300D24554 /* fridacpp.cpp in Sources */ = {isa = PBXBuildFile; fileRef = 0915AC5A273FB06B00D24554 /* fridacpp.cpp */; };
		0915ACAD27408CBF00D24554 /* main.mm in Sources */ = {isa = PBXBuildFile; fileRef = 0915ACAC27408CBF00D24554 /* main.mm */; };
		0915ACB127408D1A00D24554 /* libxcselectpp.cpp in Sources */ = {isa = PBXBuildFile; fileRef = 0915ACA427408C9500D24554 /* libxcselectpp.cpp */; };
		09FB9D5E273EE62100D65871 /* jevxpctrace_test_service.m in Sources */ = {isa = PBXBuildFile; fileRef = 09FB9D5D273EE62100D65871 /* jevxpctrace_test_service.m */; };
		09FB9D60273EE62100D65871 /* main.mm in Sources */ = {isa = PBXBuildFile; fileRef = 09FB9D5F273EE62100D65871 /* main.mm */; };
		09FB9D84273EE86300D65871 /* AppDelegate.m in Sources */ = {isa = PBXBuildFile; fileRef = 09FB9D83273EE86300D65871 /* AppDelegate.m */; };
		09FB9D87273EE86300D65871 /* ViewController.mm in Sources */ = {isa = PBXBuildFile; fileRef = 09FB9D86273EE86300D65871 /* ViewController.mm */; };
		09FB9D89273EE86300D65871 /* Assets.xcassets in Resources */ = {isa = PBXBuildFile; fileRef = 09FB9D88273EE86300D65871 /* Assets.xcassets */; };
		09FB9D8C273EE86300D65871 /* Main.storyboard in Resources */ = {isa = PBXBuildFile; fileRef = 09FB9D8A273EE86300D65871 /* Main.storyboard */; };
		09FB9D8E273EE86300D65871 /* main.m in Sources */ = {isa = PBXBuildFile; fileRef = 09FB9D8D273EE86300D65871 /* main.m */; };
		09FB9D94273EE8AC00D65871 /* jevxpctrace-test-service.xpc in Embed XPC Services */ = {isa = PBXBuildFile; fileRef = 09FB9D59273EE62100D65871 /* jevxpctrace-test-service.xpc */; settings = {ATTRIBUTES = (RemoveHeadersOnCopy, ); }; };
		09FB9DAD273F833600D65871 /* FridaGadget.dylib in Frameworks */ = {isa = PBXBuildFile; fileRef = 09FB9DAB273F833600D65871 /* FridaGadget.dylib */; };
		09FB9DAE273F833600D65871 /* FridaGadget.dylib in Frameworks */ = {isa = PBXBuildFile; fileRef = 09FB9DAB273F833600D65871 /* FridaGadget.dylib */; };
		09FB9DB1273F834000D65871 /* FridaGadget.dylib in Embed Libraries */ = {isa = PBXBuildFile; fileRef = 09FB9DAB273F833600D65871 /* FridaGadget.dylib */; settings = {ATTRIBUTES = (CodeSignOnCopy, ); }; };
		09FB9DB2273F834F00D65871 /* FridaGadget.dylib in Embed Libraries */ = {isa = PBXBuildFile; fileRef = 09FB9DAB273F833600D65871 /* FridaGadget.dylib */; settings = {ATTRIBUTES = (CodeSignOnCopy, ); }; };
		09FB9DBD273F98C200D65871 /* FridaGadget.config in Resources */ = {isa = PBXBuildFile; fileRef = 09FB9DAC273F833600D65871 /* FridaGadget.config */; };
		09FB9DBE273F98D200D65871 /* FridaGadget.config in Resources */ = {isa = PBXBuildFile; fileRef = 09FB9DAC273F833600D65871 /* FridaGadget.config */; };
/* End PBXBuildFile section */

/* Begin PBXContainerItemProxy section */
		09FB9D95273EE8AC00D65871 /* PBXContainerItemProxy */ = {
			isa = PBXContainerItemProxy;
			containerPortal = 09FB9D38273EE56700D65871 /* Project object */;
			proxyType = 1;
			remoteGlobalIDString = 09FB9D58273EE62100D65871;
			remoteInfo = "jevxpctrace-test-service";
		};
		09FB9DC2273F9F4900D65871 /* PBXContainerItemProxy */ = {
			isa = PBXContainerItemProxy;
			containerPortal = 09FB9D38273EE56700D65871 /* Project object */;
			proxyType = 1;
			remoteGlobalIDString = 09FB9D58273EE62100D65871;
			remoteInfo = "jevxpctrace-test-service";
		};
/* End PBXContainerItemProxy section */

/* Begin PBXCopyFilesBuildPhase section */
		0915ACA827408CBF00D24554 /* CopyFiles */ = {
			isa = PBXCopyFilesBuildPhase;
			buildActionMask = 2147483647;
			dstPath = /usr/share/man/man1/;
			dstSubfolderSpec = 0;
			files = (
			);
			runOnlyForDeploymentPostprocessing = 1;
		};
		09FB9D97273EE8AC00D65871 /* Embed XPC Services */ = {
			isa = PBXCopyFilesBuildPhase;
			buildActionMask = 2147483647;
			dstPath = "$(CONTENTS_FOLDER_PATH)/XPCServices";
			dstSubfolderSpec = 16;
			files = (
				09FB9D94273EE8AC00D65871 /* jevxpctrace-test-service.xpc in Embed XPC Services */,
			);
			name = "Embed XPC Services";
			runOnlyForDeploymentPostprocessing = 0;
		};
		09FB9DA6273F824900D65871 /* Embed Libraries */ = {
			isa = PBXCopyFilesBuildPhase;
			buildActionMask = 2147483647;
			dstPath = "";
			dstSubfolderSpec = 10;
			files = (
				09FB9DB1273F834000D65871 /* FridaGadget.dylib in Embed Libraries */,
			);
			name = "Embed Libraries";
			runOnlyForDeploymentPostprocessing = 0;
		};
		09FB9DB3273F834F00D65871 /* Embed Libraries */ = {
			isa = PBXCopyFilesBuildPhase;
			buildActionMask = 2147483647;
			dstPath = "";
			dstSubfolderSpec = 10;
			files = (
				09FB9DB2273F834F00D65871 /* FridaGadget.dylib in Embed Libraries */,
			);
			name = "Embed Libraries";
			runOnlyForDeploymentPostprocessing = 0;
		};
/* End PBXCopyFilesBuildPhase section */

/* Begin PBXFileReference section */
		0915AC5A273FB06B00D24554 /* fridacpp.cpp */ = {isa = PBXFileReference; lastKnownFileType = sourcecode.cpp.cpp; name = fridacpp.cpp; path = "vendor/frida-gum-cpp/fridacpp.cpp"; sourceTree = "<group>"; };
		0915AC5C273FB0A500D24554 /* fridacpp.h */ = {isa = PBXFileReference; lastKnownFileType = sourcecode.c.h; name = fridacpp.h; path = "vendor/frida-gum-cpp/fridacpp.h"; sourceTree = "<group>"; };
		0915AC5F273FB68B00D24554 /* libresolv.tbd */ = {isa = PBXFileReference; lastKnownFileType = "sourcecode.text-based-dylib-definition"; name = libresolv.tbd; path = usr/lib/libresolv.tbd; sourceTree = SDKROOT; };
		0915ACA427408C9500D24554 /* libxcselectpp.cpp */ = {isa = PBXFileReference; lastKnownFileType = sourcecode.cpp.cpp; path = libxcselectpp.cpp; sourceTree = "<group>"; };
		0915ACA527408C9500D24554 /* libxcselectpp.h */ = {isa = PBXFileReference; lastKnownFileType = sourcecode.c.h; path = libxcselectpp.h; sourceTree = "<group>"; };
		0915ACAA27408CBF00D24554 /* libxcselectpp-test */ = {isa = PBXFileReference; explicitFileType = "compiled.mach-o.executable"; includeInIndex = 0; path = "libxcselectpp-test"; sourceTree = BUILT_PRODUCTS_DIR; };
		0915ACAC27408CBF00D24554 /* main.mm */ = {isa = PBXFileReference; lastKnownFileType = sourcecode.cpp.objcpp; path = main.mm; sourceTree = "<group>"; };
		0981EAEE2740A4AD005E663C /* libdlpp.h */ = {isa = PBXFileReference; lastKnownFileType = sourcecode.c.h; path = libdlpp.h; sourceTree = "<group>"; };
		0981EAEF2740A4AD005E663C /* libdlpp.cpp */ = {isa = PBXFileReference; lastKnownFileType = sourcecode.cpp.cpp; path = libdlpp.cpp; sourceTree = "<group>"; };
		09FB9D59273EE62100D65871 /* jevxpctrace-test-service.xpc */ = {isa = PBXFileReference; explicitFileType = "wrapper.xpc-service"; includeInIndex = 0; path = "jevxpctrace-test-service.xpc"; sourceTree = BUILT_PRODUCTS_DIR; };
		09FB9D5B273EE62100D65871 /* jevxpctrace_test_serviceProtocol.h */ = {isa = PBXFileReference; lastKnownFileType = sourcecode.c.h; path = jevxpctrace_test_serviceProtocol.h; sourceTree = "<group>"; };
		09FB9D5C273EE62100D65871 /* jevxpctrace_test_service.h */ = {isa = PBXFileReference; lastKnownFileType = sourcecode.c.h; path = jevxpctrace_test_service.h; sourceTree = "<group>"; };
		09FB9D5D273EE62100D65871 /* jevxpctrace_test_service.m */ = {isa = PBXFileReference; lastKnownFileType = sourcecode.c.objc; path = jevxpctrace_test_service.m; sourceTree = "<group>"; };
		09FB9D5F273EE62100D65871 /* main.mm */ = {isa = PBXFileReference; lastKnownFileType = sourcecode.cpp.objcpp; path = main.mm; sourceTree = "<group>"; };
		09FB9D61273EE62100D65871 /* Info.plist */ = {isa = PBXFileReference; lastKnownFileType = text.plist.xml; path = Info.plist; sourceTree = "<group>"; };
		09FB9D80273EE86300D65871 /* jevxpctrace-test-client.app */ = {isa = PBXFileReference; explicitFileType = wrapper.application; includeInIndex = 0; path = "jevxpctrace-test-client.app"; sourceTree = BUILT_PRODUCTS_DIR; };
		09FB9D82273EE86300D65871 /* AppDelegate.h */ = {isa = PBXFileReference; lastKnownFileType = sourcecode.c.h; path = AppDelegate.h; sourceTree = "<group>"; };
		09FB9D83273EE86300D65871 /* AppDelegate.m */ = {isa = PBXFileReference; lastKnownFileType = sourcecode.c.objc; path = AppDelegate.m; sourceTree = "<group>"; };
		09FB9D85273EE86300D65871 /* ViewController.h */ = {isa = PBXFileReference; lastKnownFileType = sourcecode.c.h; path = ViewController.h; sourceTree = "<group>"; };
		09FB9D86273EE86300D65871 /* ViewController.mm */ = {isa = PBXFileReference; lastKnownFileType = sourcecode.cpp.objcpp; path = ViewController.mm; sourceTree = "<group>"; };
		09FB9D88273EE86300D65871 /* Assets.xcassets */ = {isa = PBXFileReference; lastKnownFileType = folder.assetcatalog; path = Assets.xcassets; sourceTree = "<group>"; };
		09FB9D8B273EE86300D65871 /* Base */ = {isa = PBXFileReference; lastKnownFileType = file.storyboard; name = Base; path = Base.lproj/Main.storyboard; sourceTree = "<group>"; };
		09FB9D8D273EE86300D65871 /* main.m */ = {isa = PBXFileReference; lastKnownFileType = sourcecode.c.objc; path = main.m; sourceTree = "<group>"; };
		09FB9D8F273EE86300D65871 /* jevxpctrace_test_client.entitlements */ = {isa = PBXFileReference; lastKnownFileType = text.plist.entitlements; path = jevxpctrace_test_client.entitlements; sourceTree = "<group>"; };
		09FB9D98273F04A000D65871 /* CaptainHook.h */ = {isa = PBXFileReference; fileEncoding = 4; lastKnownFileType = sourcecode.c.h; path = CaptainHook.h; sourceTree = "<group>"; };
		09FB9D9D273F486900D65871 /* CoreSymbolication.h */ = {isa = PBXFileReference; fileEncoding = 4; lastKnownFileType = sourcecode.c.h; path = CoreSymbolication.h; sourceTree = "<group>"; };
		09FB9DA2273F823D00D65871 /* frida-gum-macos-arm64 */ = {isa = PBXFileReference; lastKnownFileType = folder; path = "frida-gum-macos-arm64"; sourceTree = "<group>"; };
		09FB9DA7273F827C00D65871 /* libfrida-gum.a */ = {isa = PBXFileReference; lastKnownFileType = archive.ar; name = "libfrida-gum.a"; path = "frida-gum-macos-arm64/libfrida-gum.a"; sourceTree = "<group>"; };
		09FB9DAB273F833600D65871 /* FridaGadget.dylib */ = {isa = PBXFileReference; lastKnownFileType = "compiled.mach-o.dylib"; path = FridaGadget.dylib; sourceTree = "<group>"; };
		09FB9DAC273F833600D65871 /* FridaGadget.config */ = {isa = PBXFileReference; fileEncoding = 4; lastKnownFileType = text; path = FridaGadget.config; sourceTree = "<group>"; };
/* End PBXFileReference section */

/* Begin PBXFrameworksBuildPhase section */
		0915ACA727408CBF00D24554 /* Frameworks */ = {
			isa = PBXFrameworksBuildPhase;
			buildActionMask = 2147483647;
			files = (
			);
			runOnlyForDeploymentPostprocessing = 0;
		};
		09FB9D56273EE62100D65871 /* Frameworks */ = {
			isa = PBXFrameworksBuildPhase;
			buildActionMask = 2147483647;
			files = (
				0915AC5E273FB20900D24554 /* libfrida-gum.a in Frameworks */,
				09FB9DAE273F833600D65871 /* FridaGadget.dylib in Frameworks */,
			);
			runOnlyForDeploymentPostprocessing = 0;
		};
		09FB9D7D273EE86300D65871 /* Frameworks */ = {
			isa = PBXFrameworksBuildPhase;
			buildActionMask = 2147483647;
			files = (
				0915AC5D273FB1FB00D24554 /* libfrida-gum.a in Frameworks */,
				09FB9DAD273F833600D65871 /* FridaGadget.dylib in Frameworks */,
			);
			runOnlyForDeploymentPostprocessing = 0;
		};
/* End PBXFrameworksBuildPhase section */

/* Begin PBXGroup section */
		0915ACAB27408CBF00D24554 /* libxcselectpp-test */ = {
			isa = PBXGroup;
			children = (
				0915ACAC27408CBF00D24554 /* main.mm */,
			);
			path = "libxcselectpp-test";
			sourceTree = "<group>";
		};
		09FB9D37273EE56700D65871 = {
			isa = PBXGroup;
			children = (
				0981EAEF2740A4AD005E663C /* libdlpp.cpp */,
				0981EAEE2740A4AD005E663C /* libdlpp.h */,
				0915ACA427408C9500D24554 /* libxcselectpp.cpp */,
				0915ACA527408C9500D24554 /* libxcselectpp.h */,
				0915AC5C273FB0A500D24554 /* fridacpp.h */,
				0915AC5A273FB06B00D24554 /* fridacpp.cpp */,
				09FB9DAC273F833600D65871 /* FridaGadget.config */,
				09FB9DAB273F833600D65871 /* FridaGadget.dylib */,
				09FB9DA2273F823D00D65871 /* frida-gum-macos-arm64 */,
				09FB9D9D273F486900D65871 /* CoreSymbolication.h */,
				09FB9D98273F04A000D65871 /* CaptainHook.h */,
				09FB9D81273EE86300D65871 /* jevxpctrace-test-client */,
				09FB9D5A273EE62100D65871 /* jevxpctrace-test-service */,
				0915ACAB27408CBF00D24554 /* libxcselectpp-test */,
				09FB9D41273EE56700D65871 /* Products */,
				09FB9D93273EE8AC00D65871 /* Frameworks */,
			);
			sourceTree = "<group>";
		};
		09FB9D41273EE56700D65871 /* Products */ = {
			isa = PBXGroup;
			children = (
				09FB9D59273EE62100D65871 /* jevxpctrace-test-service.xpc */,
				09FB9D80273EE86300D65871 /* jevxpctrace-test-client.app */,
				0915ACAA27408CBF00D24554 /* libxcselectpp-test */,
			);
			name = Products;
			sourceTree = "<group>";
		};
		09FB9D5A273EE62100D65871 /* jevxpctrace-test-service */ = {
			isa = PBXGroup;
			children = (
				09FB9D5B273EE62100D65871 /* jevxpctrace_test_serviceProtocol.h */,
				09FB9D5C273EE62100D65871 /* jevxpctrace_test_service.h */,
				09FB9D5D273EE62100D65871 /* jevxpctrace_test_service.m */,
				09FB9D5F273EE62100D65871 /* main.mm */,
				09FB9D61273EE62100D65871 /* Info.plist */,
			);
			path = "jevxpctrace-test-service";
			sourceTree = "<group>";
		};
		09FB9D81273EE86300D65871 /* jevxpctrace-test-client */ = {
			isa = PBXGroup;
			children = (
				09FB9D82273EE86300D65871 /* AppDelegate.h */,
				09FB9D83273EE86300D65871 /* AppDelegate.m */,
				09FB9D85273EE86300D65871 /* ViewController.h */,
				09FB9D86273EE86300D65871 /* ViewController.mm */,
				09FB9D88273EE86300D65871 /* Assets.xcassets */,
				09FB9D8A273EE86300D65871 /* Main.storyboard */,
				09FB9D8D273EE86300D65871 /* main.m */,
				09FB9D8F273EE86300D65871 /* jevxpctrace_test_client.entitlements */,
			);
			path = "jevxpctrace-test-client";
			sourceTree = "<group>";
		};
		09FB9D93273EE8AC00D65871 /* Frameworks */ = {
			isa = PBXGroup;
			children = (
				0915AC5F273FB68B00D24554 /* libresolv.tbd */,
				09FB9DA7273F827C00D65871 /* libfrida-gum.a */,
			);
			name = Frameworks;
			sourceTree = "<group>";
		};
/* End PBXGroup section */

/* Begin PBXNativeTarget section */
		0915ACA927408CBF00D24554 /* libxcselectpp-test */ = {
			isa = PBXNativeTarget;
			buildConfigurationList = 0915ACAE27408CBF00D24554 /* Build configuration list for PBXNativeTarget "libxcselectpp-test" */;
			buildPhases = (
				0915ACA627408CBF00D24554 /* Sources */,
				0915ACA727408CBF00D24554 /* Frameworks */,
				0915ACA827408CBF00D24554 /* CopyFiles */,
			);
			buildRules = (
			);
			dependencies = (
			);
			name = "libxcselectpp-test";
			productName = "libxcselectpp-test";
			productReference = 0915ACAA27408CBF00D24554 /* libxcselectpp-test */;
			productType = "com.apple.product-type.tool";
		};
		09FB9D58273EE62100D65871 /* jevxpctrace-test-service */ = {
			isa = PBXNativeTarget;
			buildConfigurationList = 09FB9D62273EE62100D65871 /* Build configuration list for PBXNativeTarget "jevxpctrace-test-service" */;
			buildPhases = (
				09FB9D55273EE62100D65871 /* Sources */,
				09FB9D56273EE62100D65871 /* Frameworks */,
				09FB9D57273EE62100D65871 /* Resources */,
				09FB9DB3273F834F00D65871 /* Embed Libraries */,
			);
			buildRules = (
			);
			dependencies = (
			);
			name = "jevxpctrace-test-service";
			productName = "jevxpctrace-test-service";
			productReference = 09FB9D59273EE62100D65871 /* jevxpctrace-test-service.xpc */;
			productType = "com.apple.product-type.xpc-service";
		};
		09FB9D7F273EE86300D65871 /* jevxpctrace-test-client */ = {
			isa = PBXNativeTarget;
			buildConfigurationList = 09FB9D92273EE86300D65871 /* Build configuration list for PBXNativeTarget "jevxpctrace-test-client" */;
			buildPhases = (
				09FB9D7C273EE86300D65871 /* Sources */,
				09FB9D7D273EE86300D65871 /* Frameworks */,
				09FB9D7E273EE86300D65871 /* Resources */,
				09FB9D97273EE8AC00D65871 /* Embed XPC Services */,
				09FB9DA6273F824900D65871 /* Embed Libraries */,
			);
			buildRules = (
			);
			dependencies = (
				09FB9D96273EE8AC00D65871 /* PBXTargetDependency */,
				09FB9DC3273F9F4900D65871 /* PBXTargetDependency */,
			);
			name = "jevxpctrace-test-client";
			productName = "jevxpctrace-test-client";
			productReference = 09FB9D80273EE86300D65871 /* jevxpctrace-test-client.app */;
			productType = "com.apple.product-type.application";
		};
/* End PBXNativeTarget section */

/* Begin PBXProject section */
		09FB9D38273EE56700D65871 /* Project object */ = {
			isa = PBXProject;
			attributes = {
				BuildIndependentTargetsInParallel = 1;
				LastUpgradeCheck = 1320;
				TargetAttributes = {
					0915ACA927408CBF00D24554 = {
						CreatedOnToolsVersion = 13.2;
					};
					09FB9D58273EE62100D65871 = {
						CreatedOnToolsVersion = 13.2;
					};
					09FB9D7F273EE86300D65871 = {
						CreatedOnToolsVersion = 13.2;
					};
				};
			};
			buildConfigurationList = 09FB9D3B273EE56700D65871 /* Build configuration list for PBXProject "jevxpctrace-test" */;
			compatibilityVersion = "Xcode 13.0";
			developmentRegion = en;
			hasScannedForEncodings = 0;
			knownRegions = (
				en,
				Base,
			);
			mainGroup = 09FB9D37273EE56700D65871;
			productRefGroup = 09FB9D41273EE56700D65871 /* Products */;
			projectDirPath = "";
			projectRoot = "";
			targets = (
				09FB9D7F273EE86300D65871 /* jevxpctrace-test-client */,
				09FB9D58273EE62100D65871 /* jevxpctrace-test-service */,
				0915ACA927408CBF00D24554 /* libxcselectpp-test */,
			);
		};
/* End PBXProject section */

/* Begin PBXResourcesBuildPhase section */
		09FB9D57273EE62100D65871 /* Resources */ = {
			isa = PBXResourcesBuildPhase;
			buildActionMask = 2147483647;
			files = (
				09FB9DBE273F98D200D65871 /* FridaGadget.config in Resources */,
			);
			runOnlyForDeploymentPostprocessing = 0;
		};
		09FB9D7E273EE86300D65871 /* Resources */ = {
			isa = PBXResourcesBuildPhase;
			buildActionMask = 2147483647;
			files = (
				09FB9DBD273F98C200D65871 /* FridaGadget.config in Resources */,
				09FB9D89273EE86300D65871 /* Assets.xcassets in Resources */,
				09FB9D8C273EE86300D65871 /* Main.storyboard in Resources */,
			);
			runOnlyForDeploymentPostprocessing = 0;
		};
/* End PBXResourcesBuildPhase section */

/* Begin PBXSourcesBuildPhase section */
		0915ACA627408CBF00D24554 /* Sources */ = {
			isa = PBXSourcesBuildPhase;
			buildActionMask = 2147483647;
			files = (
				0915ACB127408D1A00D24554 /* libxcselectpp.cpp in Sources */,
				0915ACAD27408CBF00D24554 /* main.mm in Sources */,
			);
			runOnlyForDeploymentPostprocessing = 0;
		};
		09FB9D55273EE62100D65871 /* Sources */ = {
			isa = PBXSourcesBuildPhase;
			buildActionMask = 2147483647;
			files = (
				0915AC61273FBB5300D24554 /* fridacpp.cpp in Sources */,
				09FB9D60273EE62100D65871 /* main.mm in Sources */,
				09FB9D5E273EE62100D65871 /* jevxpctrace_test_service.m in Sources */,
			);
			runOnlyForDeploymentPostprocessing = 0;
		};
		09FB9D7C273EE86300D65871 /* Sources */ = {
			isa = PBXSourcesBuildPhase;
			buildActionMask = 2147483647;
			files = (
				09FB9D87273EE86300D65871 /* ViewController.mm in Sources */,
				09FB9D8E273EE86300D65871 /* main.m in Sources */,
				0915AC5B273FB06B00D24554 /* fridacpp.cpp in Sources */,
				09FB9D84273EE86300D65871 /* AppDelegate.m in Sources */,
			);
			runOnlyForDeploymentPostprocessing = 0;
		};
/* End PBXSourcesBuildPhase section */

/* Begin PBXTargetDependency section */
		09FB9D96273EE8AC00D65871 /* PBXTargetDependency */ = {
			isa = PBXTargetDependency;
			target = 09FB9D58273EE62100D65871 /* jevxpctrace-test-service */;
			targetProxy = 09FB9D95273EE8AC00D65871 /* PBXContainerItemProxy */;
		};
		09FB9DC3273F9F4900D65871 /* PBXTargetDependency */ = {
			isa = PBXTargetDependency;
			target = 09FB9D58273EE62100D65871 /* jevxpctrace-test-service */;
			targetProxy = 09FB9DC2273F9F4900D65871 /* PBXContainerItemProxy */;
		};
/* End PBXTargetDependency section */

/* Begin PBXVariantGroup section */
		09FB9D8A273EE86300D65871 /* Main.storyboard */ = {
			isa = PBXVariantGroup;
			children = (
				09FB9D8B273EE86300D65871 /* Base */,
			);
			name = Main.storyboard;
			sourceTree = "<group>";
		};
/* End PBXVariantGroup section */

/* Begin XCBuildConfiguration section */
		0915ACAF27408CBF00D24554 /* Debug */ = {
			isa = XCBuildConfiguration;
			buildSettings = {
				CLANG_WARN_DOCUMENTATION_COMMENTS = YES;
				CODE_SIGN_STYLE = Automatic;
				DEVELOPMENT_TEAM = ZK96P738ZR;
				ENABLE_HARDENED_RUNTIME = YES;
				MACOSX_DEPLOYMENT_TARGET = 12.1;
				PRODUCT_NAME = "$(TARGET_NAME)";
			};
			name = Debug;
		};
		0915ACB027408CBF00D24554 /* Release */ = {
			isa = XCBuildConfiguration;
			buildSettings = {
				CLANG_WARN_DOCUMENTATION_COMMENTS = YES;
				CODE_SIGN_STYLE = Automatic;
				DEVELOPMENT_TEAM = ZK96P738ZR;
				ENABLE_HARDENED_RUNTIME = YES;
				MACOSX_DEPLOYMENT_TARGET = 12.1;
				PRODUCT_NAME = "$(TARGET_NAME)";
			};
			name = Release;
		};
		09FB9D45273EE56700D65871 /* Debug */ = {
			isa = XCBuildConfiguration;
			buildSettings = {
				ALWAYS_SEARCH_USER_PATHS = NO;
				CLANG_ANALYZER_NONNULL = YES;
				CLANG_ANALYZER_NUMBER_OBJECT_CONVERSION = YES_AGGRESSIVE;
				CLANG_CXX_LANGUAGE_STANDARD = "gnu++20";
				CLANG_CXX_LIBRARY = "libc++";
				CLANG_ENABLE_MODULES = YES;
				CLANG_ENABLE_OBJC_ARC = YES;
				CLANG_ENABLE_OBJC_WEAK = YES;
				CLANG_WARN_BLOCK_CAPTURE_AUTORELEASING = YES;
				CLANG_WARN_BOOL_CONVERSION = YES;
				CLANG_WARN_COMMA = YES;
				CLANG_WARN_CONSTANT_CONVERSION = YES;
				CLANG_WARN_DEPRECATED_OBJC_IMPLEMENTATIONS = YES;
				CLANG_WARN_DIRECT_OBJC_ISA_USAGE = YES_ERROR;
				CLANG_WARN_DOCUMENTATION_COMMENTS = NO;
				CLANG_WARN_EMPTY_BODY = YES;
				CLANG_WARN_ENUM_CONVERSION = YES;
				CLANG_WARN_INFINITE_RECURSION = YES;
				CLANG_WARN_INT_CONVERSION = YES;
				CLANG_WARN_NON_LITERAL_NULL_CONVERSION = YES;
				CLANG_WARN_OBJC_IMPLICIT_RETAIN_SELF = YES;
				CLANG_WARN_OBJC_LITERAL_CONVERSION = YES;
				CLANG_WARN_OBJC_ROOT_CLASS = YES_ERROR;
				CLANG_WARN_QUOTED_INCLUDE_IN_FRAMEWORK_HEADER = YES;
				CLANG_WARN_RANGE_LOOP_ANALYSIS = YES;
				CLANG_WARN_STRICT_PROTOTYPES = YES;
				CLANG_WARN_SUSPICIOUS_MOVE = YES;
				CLANG_WARN_UNGUARDED_AVAILABILITY = YES_AGGRESSIVE;
				CLANG_WARN_UNREACHABLE_CODE = YES;
				CLANG_WARN__DUPLICATE_METHOD_MATCH = YES;
				COPY_PHASE_STRIP = NO;
				DEBUG_INFORMATION_FORMAT = dwarf;
				ENABLE_STRICT_OBJC_MSGSEND = YES;
				ENABLE_TESTABILITY = YES;
				GCC_C_LANGUAGE_STANDARD = gnu11;
				GCC_DYNAMIC_NO_PIC = NO;
				GCC_NO_COMMON_BLOCKS = YES;
				GCC_OPTIMIZATION_LEVEL = 0;
				GCC_PREPROCESSOR_DEFINITIONS = (
					"DEBUG=1",
					"$(inherited)",
				);
				GCC_WARN_64_TO_32_BIT_CONVERSION = YES;
				GCC_WARN_ABOUT_RETURN_TYPE = YES_ERROR;
				GCC_WARN_UNDECLARED_SELECTOR = YES;
				GCC_WARN_UNINITIALIZED_AUTOS = YES_AGGRESSIVE;
				GCC_WARN_UNUSED_FUNCTION = YES;
				GCC_WARN_UNUSED_VARIABLE = YES;
				HEADER_SEARCH_PATHS = (
					"$(PROJECT_DIR)",
					"$(PROJECT_DIR)/frida-gum-macos-arm64",
					"$(PROJECT_DIR)/vendor/frida-gum-cpp",
				);
				LIBRARY_SEARCH_PATHS = (
					"$(PROJECT_DIR)",
					"$(PROJECT_DIR)/frida-gum-macos-arm64",
				);
				MACOSX_DEPLOYMENT_TARGET = 10.15;
				MTL_ENABLE_DEBUG_INFO = INCLUDE_SOURCE;
				MTL_FAST_MATH = YES;
				ONLY_ACTIVE_ARCH = YES;
				OTHER_LDFLAGS = (
					"-lresolv",
					"-lxcselect",
				);
				SDKROOT = macosx;
			};
			name = Debug;
		};
		09FB9D46273EE56700D65871 /* Release */ = {
			isa = XCBuildConfiguration;
			buildSettings = {
				ALWAYS_SEARCH_USER_PATHS = NO;
				CLANG_ANALYZER_NONNULL = YES;
				CLANG_ANALYZER_NUMBER_OBJECT_CONVERSION = YES_AGGRESSIVE;
				CLANG_CXX_LANGUAGE_STANDARD = "gnu++20";
				CLANG_CXX_LIBRARY = "libc++";
				CLANG_ENABLE_MODULES = YES;
				CLANG_ENABLE_OBJC_ARC = YES;
				CLANG_ENABLE_OBJC_WEAK = YES;
				CLANG_WARN_BLOCK_CAPTURE_AUTORELEASING = YES;
				CLANG_WARN_BOOL_CONVERSION = YES;
				CLANG_WARN_COMMA = YES;
				CLANG_WARN_CONSTANT_CONVERSION = YES;
				CLANG_WARN_DEPRECATED_OBJC_IMPLEMENTATIONS = YES;
				CLANG_WARN_DIRECT_OBJC_ISA_USAGE = YES_ERROR;
				CLANG_WARN_DOCUMENTATION_COMMENTS = NO;
				CLANG_WARN_EMPTY_BODY = YES;
				CLANG_WARN_ENUM_CONVERSION = YES;
				CLANG_WARN_INFINITE_RECURSION = YES;
				CLANG_WARN_INT_CONVERSION = YES;
				CLANG_WARN_NON_LITERAL_NULL_CONVERSION = YES;
				CLANG_WARN_OBJC_IMPLICIT_RETAIN_SELF = YES;
				CLANG_WARN_OBJC_LITERAL_CONVERSION = YES;
				CLANG_WARN_OBJC_ROOT_CLASS = YES_ERROR;
				CLANG_WARN_QUOTED_INCLUDE_IN_FRAMEWORK_HEADER = YES;
				CLANG_WARN_RANGE_LOOP_ANALYSIS = YES;
				CLANG_WARN_STRICT_PROTOTYPES = YES;
				CLANG_WARN_SUSPICIOUS_MOVE = YES;
				CLANG_WARN_UNGUARDED_AVAILABILITY = YES_AGGRESSIVE;
				CLANG_WARN_UNREACHABLE_CODE = YES;
				CLANG_WARN__DUPLICATE_METHOD_MATCH = YES;
				COPY_PHASE_STRIP = NO;
				DEBUG_INFORMATION_FORMAT = "dwarf-with-dsym";
				ENABLE_NS_ASSERTIONS = NO;
				ENABLE_STRICT_OBJC_MSGSEND = YES;
				GCC_C_LANGUAGE_STANDARD = gnu11;
				GCC_NO_COMMON_BLOCKS = YES;
				GCC_WARN_64_TO_32_BIT_CONVERSION = YES;
				GCC_WARN_ABOUT_RETURN_TYPE = YES_ERROR;
				GCC_WARN_UNDECLARED_SELECTOR = YES;
				GCC_WARN_UNINITIALIZED_AUTOS = YES_AGGRESSIVE;
				GCC_WARN_UNUSED_FUNCTION = YES;
				GCC_WARN_UNUSED_VARIABLE = YES;
				HEADER_SEARCH_PATHS = (
					"$(PROJECT_DIR)",
					"$(PROJECT_DIR)/frida-gum-macos-arm64",
					"$(PROJECT_DIR)/vendor/frida-gum-cpp",
				);
				LIBRARY_SEARCH_PATHS = (
					"$(PROJECT_DIR)",
					"$(PROJECT_DIR)/frida-gum-macos-arm64",
				);
				MACOSX_DEPLOYMENT_TARGET = 10.15;
				MTL_ENABLE_DEBUG_INFO = NO;
				MTL_FAST_MATH = YES;
				OTHER_LDFLAGS = (
					"-lresolv",
					"-lxcselect",
				);
				SDKROOT = macosx;
			};
			name = Release;
		};
		09FB9D63273EE62100D65871 /* Debug */ = {
			isa = XCBuildConfiguration;
			buildSettings = {
				CODE_SIGN_STYLE = Automatic;
				COMBINE_HIDPI_IMAGES = YES;
				CURRENT_PROJECT_VERSION = 1;
				DEVELOPMENT_TEAM = ZK96P738ZR;
				ENABLE_HARDENED_RUNTIME = YES;
				GENERATE_INFOPLIST_FILE = YES;
				INFOPLIST_FILE = "jevxpctrace-test-service/Info.plist";
				INFOPLIST_KEY_CFBundleDisplayName = "jevxpctrace-test-service";
				INFOPLIST_KEY_NSHumanReadableCopyright = "";
				LIBRARY_SEARCH_PATHS = (
					"$(inherited)",
					"$(PROJECT_DIR)",
					"$(PROJECT_DIR)/frida-gum-macos-arm64",
				);
				MACOSX_DEPLOYMENT_TARGET = 10.15;
				MARKETING_VERSION = 1.0;
				PRODUCT_BUNDLE_IDENTIFIER = "vin.je.jevxpctrace-test-service";
				PRODUCT_NAME = "$(TARGET_NAME)";
				SKIP_INSTALL = YES;
				SWIFT_EMIT_LOC_STRINGS = YES;
			};
			name = Debug;
		};
		09FB9D64273EE62100D65871 /* Release */ = {
			isa = XCBuildConfiguration;
			buildSettings = {
				CODE_SIGN_STYLE = Automatic;
				COMBINE_HIDPI_IMAGES = YES;
				CURRENT_PROJECT_VERSION = 1;
				DEVELOPMENT_TEAM = ZK96P738ZR;
				ENABLE_HARDENED_RUNTIME = YES;
				GENERATE_INFOPLIST_FILE = YES;
				INFOPLIST_FILE = "jevxpctrace-test-service/Info.plist";
				INFOPLIST_KEY_CFBundleDisplayName = "jevxpctrace-test-service";
				INFOPLIST_KEY_NSHumanReadableCopyright = "";
				LIBRARY_SEARCH_PATHS = (
					"$(inherited)",
					"$(PROJECT_DIR)",
					"$(PROJECT_DIR)/frida-gum-macos-arm64",
				);
				MACOSX_DEPLOYMENT_TARGET = 10.15;
				MARKETING_VERSION = 1.0;
				PRODUCT_BUNDLE_IDENTIFIER = "vin.je.jevxpctrace-test-service";
				PRODUCT_NAME = "$(TARGET_NAME)";
				SKIP_INSTALL = YES;
				SWIFT_EMIT_LOC_STRINGS = YES;
			};
			name = Release;
		};
		09FB9D90273EE86300D65871 /* Debug */ = {
			isa = XCBuildConfiguration;
			buildSettings = {
				ASSETCATALOG_COMPILER_APPICON_NAME = AppIcon;
				ASSETCATALOG_COMPILER_GLOBAL_ACCENT_COLOR_NAME = AccentColor;
				CODE_SIGN_ENTITLEMENTS = "jevxpctrace-test-client/jevxpctrace_test_client.entitlements";
				CODE_SIGN_STYLE = Automatic;
				COMBINE_HIDPI_IMAGES = YES;
				CURRENT_PROJECT_VERSION = 1;
				DEVELOPMENT_TEAM = ZK96P738ZR;
				ENABLE_HARDENED_RUNTIME = YES;
				GENERATE_INFOPLIST_FILE = YES;
				INFOPLIST_KEY_NSHumanReadableCopyright = "";
				INFOPLIST_KEY_NSMainStoryboardFile = Main;
				INFOPLIST_KEY_NSPrincipalClass = NSApplication;
				LD_RUNPATH_SEARCH_PATHS = (
					"$(inherited)",
					"@executable_path/../Frameworks",
				);
				MACOSX_DEPLOYMENT_TARGET = 10.15;
				MARKETING_VERSION = 1.0;
				OTHER_LDFLAGS = (
					"$(inherited)",
					"-F",
					"$(PROJECT_DIR)/privroot/System/Library/PrivateFrameworks",
					"-framework",
					CoreSymbolication,
				);
				PRODUCT_BUNDLE_IDENTIFIER = "vin.je.jevxpctrace-test-client";
				PRODUCT_NAME = "$(TARGET_NAME)";
				SWIFT_EMIT_LOC_STRINGS = YES;
			};
			name = Debug;
		};
		09FB9D91273EE86300D65871 /* Release */ = {
			isa = XCBuildConfiguration;
			buildSettings = {
				ASSETCATALOG_COMPILER_APPICON_NAME = AppIcon;
				ASSETCATALOG_COMPILER_GLOBAL_ACCENT_COLOR_NAME = AccentColor;
				CODE_SIGN_ENTITLEMENTS = "jevxpctrace-test-client/jevxpctrace_test_client.entitlements";
				CODE_SIGN_STYLE = Automatic;
				COMBINE_HIDPI_IMAGES = YES;
				CURRENT_PROJECT_VERSION = 1;
				DEVELOPMENT_TEAM = ZK96P738ZR;
				ENABLE_HARDENED_RUNTIME = YES;
				GENERATE_INFOPLIST_FILE = YES;
				INFOPLIST_KEY_NSHumanReadableCopyright = "";
				INFOPLIST_KEY_NSMainStoryboardFile = Main;
				INFOPLIST_KEY_NSPrincipalClass = NSApplication;
				LD_RUNPATH_SEARCH_PATHS = (
					"$(inherited)",
					"@executable_path/../Frameworks",
				);
				MACOSX_DEPLOYMENT_TARGET = 10.15;
				MARKETING_VERSION = 1.0;
				OTHER_LDFLAGS = (
					"$(inherited)",
					"-F",
					"$(PROJECT_DIR)/privroot/System/Library/PrivateFrameworks",
					"-framework",
					CoreSymbolication,
				);
				PRODUCT_BUNDLE_IDENTIFIER = "vin.je.jevxpctrace-test-client";
				PRODUCT_NAME = "$(TARGET_NAME)";
				SWIFT_EMIT_LOC_STRINGS = YES;
			};
			name = Release;
		};
/* End XCBuildConfiguration section */

/* Begin XCConfigurationList section */
		0915ACAE27408CBF00D24554 /* Build configuration list for PBXNativeTarget "libxcselectpp-test" */ = {
			isa = XCConfigurationList;
			buildConfigurations = (
				0915ACAF27408CBF00D24554 /* Debug */,
				0915ACB027408CBF00D24554 /* Release */,
			);
			defaultConfigurationIsVisible = 0;
			defaultConfigurationName = Release;
		};
		09FB9D3B273EE56700D65871 /* Build configuration list for PBXProject "jevxpctrace-test" */ = {
			isa = XCConfigurationList;
			buildConfigurations = (
				09FB9D45273EE56700D65871 /* Debug */,
				09FB9D46273EE56700D65871 /* Release */,
			);
			defaultConfigurationIsVisible = 0;
			defaultConfigurationName = Release;
		};
		09FB9D62273EE62100D65871 /* Build configuration list for PBXNativeTarget "jevxpctrace-test-service" */ = {
			isa = XCConfigurationList;
			buildConfigurations = (
				09FB9D63273EE62100D65871 /* Debug */,
				09FB9D64273EE62100D65871 /* Release */,
			);
			defaultConfigurationIsVisible = 0;
			defaultConfigurationName = Release;
		};
		09FB9D92273EE86300D65871 /* Build configuration list for PBXNativeTarget "jevxpctrace-test-client" */ = {
			isa = XCConfigurationList;
			buildConfigurations = (
				09FB9D90273EE86300D65871 /* Debug */,
				09FB9D91273EE86300D65871 /* Release */,
			);
			defaultConfigurationIsVisible = 0;
			defaultConfigurationName = Release;
		};
/* End XCConfigurationList section */
	};
	rootObject = 09FB9D38273EE56700D65871 /* Project object */;
}
